
Microsoft Visual Studio Solution File, Format Version 12.00
# Visual Studio 2012
Project("{2150E333-8FDC-42A3-9474-1A3956D46DE8}") = "GraphWorks", "GraphWorks", "{5E5A37C6-C948-414C-9622-A068370C0DAA}"
EndProject
Global
	GlobalSection(SolutionConfigurationPlatforms) = preSolution
		Debug|Any CPU = Debug|Any CPU
		Release|Any CPU = Release|Any CPU
	EndGlobalSection
	GlobalSection(ProjectConfigurationPlatforms) = postSolution
	EndGlobalSection
	GlobalSection(NestedProjects) = preSolution
	EndGlobalSection
	GlobalSection(MonoDevelopProperties) = preSolution
		Policies = $0
		$0.StandardHeader = $1
		$1.Text = 
		$1.IncludeInNewFiles = True
		$0.NameConventionPolicy = $2
		$2.Rules = $3
		$3.NamingRule = $4
		$4.Name = Namespaces
		$4.AffectedEntity = Namespace
		$4.VisibilityMask = VisibilityMask
		$4.NamingStyle = PascalCase
		$4.IncludeInstanceMembers = True
		$4.IncludeStaticEntities = True
		$3.NamingRule = $5
		$5.Name = Types
		$5.AffectedEntity = Class, Struct, Enum, Delegate
		$5.VisibilityMask = Public
		$5.NamingStyle = PascalCase
		$5.IncludeInstanceMembers = True
		$5.IncludeStaticEntities = True
		$3.NamingRule = $6
		$6.Name = Interfaces
		$6.RequiredPrefixes = $7
		$7.String = I
		$6.AffectedEntity = Interface
		$6.VisibilityMask = Public
		$6.NamingStyle = PascalCase
		$6.IncludeInstanceMembers = True
		$6.IncludeStaticEntities = True
		$3.NamingRule = $8
		$8.Name = Attributes
		$8.RequiredSuffixes = $9
		$9.String = Attribute
		$8.AffectedEntity = CustomAttributes
		$8.VisibilityMask = Public
		$8.NamingStyle = PascalCase
		$8.IncludeInstanceMembers = True
		$8.IncludeStaticEntities = True
		$3.NamingRule = $10
		$10.Name = Event Arguments
		$10.RequiredSuffixes = $11
		$11.String = EventArgs
		$10.AffectedEntity = CustomEventArgs
		$10.VisibilityMask = Public
		$10.NamingStyle = PascalCase
		$10.IncludeInstanceMembers = True
		$10.IncludeStaticEntities = True
		$3.NamingRule = $12
		$12.Name = Exceptions
		$12.RequiredSuffixes = $13
		$13.String = Exception
		$12.AffectedEntity = CustomExceptions
		$12.VisibilityMask = VisibilityMask
		$12.NamingStyle = PascalCase
		$12.IncludeInstanceMembers = True
		$12.IncludeStaticEntities = True
		$3.NamingRule = $14
		$14.Name = Methods
		$14.AffectedEntity = Methods
		$14.VisibilityMask = Protected, Public
		$14.NamingStyle = PascalCase
		$14.IncludeInstanceMembers = True
		$14.IncludeStaticEntities = True
		$3.NamingRule = $15
		$15.Name = Static Readonly Fields
		$15.AffectedEntity = ReadonlyField
		$15.VisibilityMask = Protected, Public
		$15.NamingStyle = PascalCase
		$15.IncludeInstanceMembers = False
		$15.IncludeStaticEntities = True
		$3.NamingRule = $16
		$16.Name = Fields
		$16.RequiredPrefixes = $17
		$17.String = _
		$16.AffectedEntity = Field
		$16.VisibilityMask = Protected, Public
		$16.NamingStyle = CamelCase
		$16.IncludeInstanceMembers = True
		$16.IncludeStaticEntities = True
		$3.NamingRule = $18
		$18.Name = ReadOnly Fields
		$18.AffectedEntity = ReadonlyField
		$18.VisibilityMask = Protected, Public
		$18.NamingStyle = PascalCase
		$18.IncludeInstanceMembers = True
		$18.IncludeStaticEntities = False
		$3.NamingRule = $19
		$19.Name = Constant Fields
		$19.AffectedEntity = ConstantField
		$19.VisibilityMask = Protected, Public
		$19.NamingStyle = PascalCase
		$19.IncludeInstanceMembers = True
		$19.IncludeStaticEntities = True
		$3.NamingRule = $20
		$20.Name = Properties
		$20.AffectedEntity = Property
		$20.VisibilityMask = Protected, Public
		$20.NamingStyle = PascalCase
		$20.IncludeInstanceMembers = True
		$20.IncludeStaticEntities = True
		$3.NamingRule = $21
		$21.Name = Events
		$21.AffectedEntity = Event
		$21.VisibilityMask = Protected, Public
		$21.NamingStyle = PascalCase
		$21.IncludeInstanceMembers = True
		$21.IncludeStaticEntities = True
		$3.NamingRule = $22
		$22.Name = Enum Members
		$22.AffectedEntity = EnumMember
		$22.VisibilityMask = VisibilityMask
		$22.NamingStyle = PascalCase
		$22.IncludeInstanceMembers = True
		$22.IncludeStaticEntities = True
		$3.NamingRule = $23
		$23.Name = Parameters
		$23.AffectedEntity = Parameter
		$23.VisibilityMask = VisibilityMask
		$23.NamingStyle = CamelCase
		$23.IncludeInstanceMembers = True
		$23.IncludeStaticEntities = True
		$3.NamingRule = $24
		$24.Name = Type Parameters
		$24.RequiredPrefixes = $25
		$25.String = T
		$24.AffectedEntity = TypeParameter
		$24.VisibilityMask = VisibilityMask
		$24.NamingStyle = PascalCase
		$24.IncludeInstanceMembers = True
		$24.IncludeStaticEntities = True
		description = Practice in coding some primitives.
	EndGlobalSection
	GlobalSection(SolutionProperties) = preSolution
		HideSolutionNode = FALSE
	EndGlobalSection
	GlobalSection(TeamFoundationVersionControl) = preSolution
		SccNumberOfProjects = 7
		SccEnterpriseProvider = {4CA58AB2-18FA-4F8D-95D4-32DDF27D184C}
		SccTeamFoundationServer = https://mih.visualstudio.com/defaultcollection
		SccLocalPath0 = .
		SccProjectUniqueName1 = UnionFind\\UnionFind.csproj
		SccProjectName1 = UnionFind
		SccLocalPath1 = UnionFind
		SccProjectUniqueName2 = Permutation\\Permutation.csproj
		SccProjectName2 = Permutation
		SccLocalPath2 = Permutation
		SccProjectUniqueName3 = UnitTests\\UnitTests.csproj
		SccProjectName3 = UnitTests
		SccLocalPath3 = UnitTests
		SccProjectUniqueName4 = Graph\\Graph.csproj
		SccProjectTopLevelParentUniqueName4 = Algorithms.sln
		SccProjectName4 = Graph
		SccLocalPath4 = Graph
		SccProjectUniqueName5 = Graph.Test\\Graph.Test.csproj
		SccProjectTopLevelParentUniqueName5 = Algorithms.sln
		SccProjectName5 = Graph.Test
		SccLocalPath5 = Graph.Test
		SccProjectUniqueName6 = Graph.Client\\Graph.Client.csproj
		SccProjectTopLevelParentUniqueName6 = Algorithms.sln
		SccProjectName6 = Graph.Client
		SccLocalPath6 = Graph.Client
	EndGlobalSection
EndGlobal
